// !$*UTF8*$!
{
	archiveVersion = 1;
	classes = {
	};
	objectVersion = 56;
	objects = {

/* Begin PBXBuildFile section */
		614F87FC2B69A295003772BB /* cs193pfirstApp.swift in Sources */ = {isa = PBXBuildFile; fileRef = 614F87FB2B69A295003772BB /* cs193pfirstApp.swift */; };
		614F87FE2B69A295003772BB /* EmojiMemoryGameView.swift in Sources */ = {isa = PBXBuildFile; fileRef = 614F87FD2B69A295003772BB /* EmojiMemoryGameView.swift */; };
		614F88002B69A297003772BB /* Assets.xcassets in Resources */ = {isa = PBXBuildFile; fileRef = 614F87FF2B69A297003772BB /* Assets.xcassets */; };
		614F88032B69A297003772BB /* Preview Assets.xcassets in Resources */ = {isa = PBXBuildFile; fileRef = 614F88022B69A297003772BB /* Preview Assets.xcassets */; };
		61B1B1832B7CF71800D2CD3F /* AspectVGrid.swift in Sources */ = {isa = PBXBuildFile; fileRef = 61B1B1822B7CF71800D2CD3F /* AspectVGrid.swift */; };
		61B1B1852B7E5ACD00D2CD3F /* CardView.swift in Sources */ = {isa = PBXBuildFile; fileRef = 61B1B1842B7E5ACD00D2CD3F /* CardView.swift */; };
		61B1B1872B7FACB900D2CD3F /* Pie.swift in Sources */ = {isa = PBXBuildFile; fileRef = 61B1B1862B7FACB900D2CD3F /* Pie.swift */; };
		61B1B1892B80FA9000D2CD3F /* Cardify.swift in Sources */ = {isa = PBXBuildFile; fileRef = 61B1B1882B80FA9000D2CD3F /* Cardify.swift */; };
		61B1B18B2B84FB4900D2CD3F /* FlyingNumber.swift in Sources */ = {isa = PBXBuildFile; fileRef = 61B1B18A2B84FB4900D2CD3F /* FlyingNumber.swift */; };
		61C75E8E2B6BFAE300B37228 /* MemoryGame.swift in Sources */ = {isa = PBXBuildFile; fileRef = 61C75E8D2B6BFAE300B37228 /* MemoryGame.swift */; };
		61C75E902B6C04AB00B37228 /* EmojiMemoryGame.swift in Sources */ = {isa = PBXBuildFile; fileRef = 61C75E8F2B6C04AB00B37228 /* EmojiMemoryGame.swift */; };
/* End PBXBuildFile section */

/* Begin PBXFileReference section */
		614F87F82B69A295003772BB /* cs193pfirst.app */ = {isa = PBXFileReference; explicitFileType = wrapper.application; includeInIndex = 0; path = cs193pfirst.app; sourceTree = BUILT_PRODUCTS_DIR; };
		614F87FB2B69A295003772BB /* cs193pfirstApp.swift */ = {isa = PBXFileReference; lastKnownFileType = sourcecode.swift; path = cs193pfirstApp.swift; sourceTree = "<group>"; };
		614F87FD2B69A295003772BB /* EmojiMemoryGameView.swift */ = {isa = PBXFileReference; lastKnownFileType = sourcecode.swift; path = EmojiMemoryGameView.swift; sourceTree = "<group>"; };
		614F87FF2B69A297003772BB /* Assets.xcassets */ = {isa = PBXFileReference; lastKnownFileType = folder.assetcatalog; path = Assets.xcassets; sourceTree = "<group>"; };
		614F88022B69A297003772BB /* Preview Assets.xcassets */ = {isa = PBXFileReference; lastKnownFileType = folder.assetcatalog; path = "Preview Assets.xcassets"; sourceTree = "<group>"; };
		61B1B1822B7CF71800D2CD3F /* AspectVGrid.swift */ = {isa = PBXFileReference; lastKnownFileType = sourcecode.swift; path = AspectVGrid.swift; sourceTree = "<group>"; };
		61B1B1842B7E5ACD00D2CD3F /* CardView.swift */ = {isa = PBXFileReference; lastKnownFileType = sourcecode.swift; path = CardView.swift; sourceTree = "<group>"; };
		61B1B1862B7FACB900D2CD3F /* Pie.swift */ = {isa = PBXFileReference; lastKnownFileType = sourcecode.swift; path = Pie.swift; sourceTree = "<group>"; };
		61B1B1882B80FA9000D2CD3F /* Cardify.swift */ = {isa = PBXFileReference; lastKnownFileType = sourcecode.swift; path = Cardify.swift; sourceTree = "<group>"; };
		61B1B18A2B84FB4900D2CD3F /* FlyingNumber.swift */ = {isa = PBXFileReference; lastKnownFileType = sourcecode.swift; path = FlyingNumber.swift; sourceTree = "<group>"; };
		61C75E8D2B6BFAE300B37228 /* MemoryGame.swift */ = {isa = PBXFileReference; lastKnownFileType = sourcecode.swift; path = MemoryGame.swift; sourceTree = "<group>"; };
		61C75E8F2B6C04AB00B37228 /* EmojiMemoryGame.swift */ = {isa = PBXFileReference; lastKnownFileType = sourcecode.swift; path = EmojiMemoryGame.swift; sourceTree = "<group>"; };
/* End PBXFileReference section */

/* Begin PBXFrameworksBuildPhase section */
		614F87F52B69A295003772BB /* Frameworks */ = {
			isa = PBXFrameworksBuildPhase;
			buildActionMask = 2147483647;
			files = (
			);
			runOnlyForDeploymentPostprocessing = 0;
		};
/* End PBXFrameworksBuildPhase section */

/* Begin PBXGroup section */
		614F87EF2B69A295003772BB = {
			isa = PBXGroup;
			children = (
				61B1B18A2B84FB4900D2CD3F /* FlyingNumber.swift */,
				614F87FA2B69A295003772BB /* cs193pfirst */,
				614F87F92B69A295003772BB /* Products */,
			);
			sourceTree = "<group>";
		};
		614F87F92B69A295003772BB /* Products */ = {
			isa = PBXGroup;
			children = (
				614F87F82B69A295003772BB /* cs193pfirst.app */,
			);
			name = Products;
			sourceTree = "<group>";
		};
		614F87FA2B69A295003772BB /* cs193pfirst */ = {
			isa = PBXGroup;
			children = (
				614F87FB2B69A295003772BB /* cs193pfirstApp.swift */,
				61B1B1882B80FA9000D2CD3F /* Cardify.swift */,
				614F87FD2B69A295003772BB /* EmojiMemoryGameView.swift */,
				61B1B1842B7E5ACD00D2CD3F /* CardView.swift */,
				61B1B1862B7FACB900D2CD3F /* Pie.swift */,
				61B1B1822B7CF71800D2CD3F /* AspectVGrid.swift */,
				61C75E8D2B6BFAE300B37228 /* MemoryGame.swift */,
				61C75E8F2B6C04AB00B37228 /* EmojiMemoryGame.swift */,
				614F87FF2B69A297003772BB /* Assets.xcassets */,
				614F88012B69A297003772BB /* Preview Content */,
			);
			path = cs193pfirst;
			sourceTree = "<group>";
		};
		614F88012B69A297003772BB /* Preview Content */ = {
			isa = PBXGroup;
			children = (
				614F88022B69A297003772BB /* Preview Assets.xcassets */,
			);
			path = "Preview Content";
			sourceTree = "<group>";
		};
/* End PBXGroup section */

/* Begin PBXNativeTarget section */
		614F87F72B69A295003772BB /* cs193pfirst */ = {
			isa = PBXNativeTarget;
			buildConfigurationList = 614F88062B69A297003772BB /* Build configuration list for PBXNativeTarget "cs193pfirst" */;
			buildPhases = (
				614F87F42B69A295003772BB /* Sources */,
				614F87F52B69A295003772BB /* Frameworks */,
				614F87F62B69A295003772BB /* Resources */,
			);
			buildRules = (
			);
			dependencies = (
			);
			name = cs193pfirst;
			productName = cs193pfirst;
			productReference = 614F87F82B69A295003772BB /* cs193pfirst.app */;
			productType = "com.apple.product-type.application";
		};
/* End PBXNativeTarget section */

/* Begin PBXProject section */
		614F87F02B69A295003772BB /* Project object */ = {
			isa = PBXProject;
			attributes = {
				BuildIndependentTargetsInParallel = 1;
				LastSwiftUpdateCheck = 1520;
				LastUpgradeCheck = 1520;
				TargetAttributes = {
					614F87F72B69A295003772BB = {
						CreatedOnToolsVersion = 15.2;
					};
				};
			};
			buildConfigurationList = 614F87F32B69A295003772BB /* Build configuration list for PBXProject "cs193pfirst" */;
			compatibilityVersion = "Xcode 14.0";
			developmentRegion = en;
			hasScannedForEncodings = 0;
			knownRegions = (
				en,
				Base,
			);
			mainGroup = 614F87EF2B69A295003772BB;
			productRefGroup = 614F87F92B69A295003772BB /* Products */;
			projectDirPath = "";
			projectRoot = "";
			targets = (
				614F87F72B69A295003772BB /* cs193pfirst */,
			);
		};
/* End PBXProject section */

/* Begin PBXResourcesBuildPhase section */
		614F87F62B69A295003772BB /* Resources */ = {
			isa = PBXResourcesBuildPhase;
			buildActionMask = 2147483647;
			files = (
				614F88032B69A297003772BB /* Preview Assets.xcassets in Resources */,
				614F88002B69A297003772BB /* Assets.xcassets in Resources */,
			);
			runOnlyForDeploymentPostprocessing = 0;
		};
/* End PBXResourcesBuildPhase section */

/* Begin PBXSourcesBuildPhase section */
		614F87F42B69A295003772BB /* Sources */ = {
			isa = PBXSourcesBuildPhase;
			buildActionMask = 2147483647;
			files = (
				614F87FE2B69A295003772BB /* EmojiMemoryGameView.swift in Sources */,
				614F87FC2B69A295003772BB /* cs193pfirstApp.swift in Sources */,
				61B1B18B2B84FB4900D2CD3F /* FlyingNumber.swift in Sources */,
				61B1B1892B80FA9000D2CD3F /* Cardify.swift in Sources */,
				61C75E8E2B6BFAE300B37228 /* MemoryGame.swift in Sources */,
				61B1B1832B7CF71800D2CD3F /* AspectVGrid.swift in Sources */,
				61B1B1872B7FACB900D2CD3F /* Pie.swift in Sources */,
				61B1B1852B7E5ACD00D2CD3F /* CardView.swift in Sources */,
				61C75E902B6C04AB00B37228 /* EmojiMemoryGame.swift in Sources */,
			);
			runOnlyForDeploymentPostprocessing = 0;
		};
/* End PBXSourcesBuildPhase section */

/* Begin XCBuildConfiguration section */
		614F88042B69A297003772BB /* Debug */ = {
			isa = XCBuildConfiguration;
			buildSettings = {
				ALWAYS_SEARCH_USER_PATHS = NO;
				ASSETCATALOG_COMPILER_GENERATE_SWIFT_ASSET_SYMBOL_EXTENSIONS = YES;
				CLANG_ANALYZER_NONNULL = YES;
				CLANG_ANALYZER_NUMBER_OBJECT_CONVERSION = YES_AGGRESSIVE;
				CLANG_CXX_LANGUAGE_STANDARD = "gnu++20";
				CLANG_ENABLE_MODULES = YES;
				CLANG_ENABLE_OBJC_ARC = YES;
				CLANG_ENABLE_OBJC_WEAK = YES;
				CLANG_WARN_BLOCK_CAPTURE_AUTORELEASING = YES;
				CLANG_WARN_BOOL_CONVERSION = YES;
				CLANG_WARN_COMMA = YES;
				CLANG_WARN_CONSTANT_CONVERSION = YES;
				CLANG_WARN_DEPRECATED_OBJC_IMPLEMENTATIONS = YES;
				CLANG_WARN_DIRECT_OBJC_ISA_USAGE = YES_ERROR;
				CLANG_WARN_DOCUMENTATION_COMMENTS = YES;
				CLANG_WARN_EMPTY_BODY = YES;
				CLANG_WARN_ENUM_CONVERSION = YES;
				CLANG_WARN_INFINITE_RECURSION = YES;
				CLANG_WARN_INT_CONVERSION = YES;
				CLANG_WARN_NON_LITERAL_NULL_CONVERSION = YES;
				CLANG_WARN_OBJC_IMPLICIT_RETAIN_SELF = YES;
				CLANG_WARN_OBJC_LITERAL_CONVERSION = YES;
				CLANG_WARN_OBJC_ROOT_CLASS = YES_ERROR;
				CLANG_WARN_QUOTED_INCLUDE_IN_FRAMEWORK_HEADER = YES;
				CLANG_WARN_RANGE_LOOP_ANALYSIS = YES;
				CLANG_WARN_STRICT_PROTOTYPES = YES;
				CLANG_WARN_SUSPICIOUS_MOVE = YES;
				CLANG_WARN_UNGUARDED_AVAILABILITY = YES_AGGRESSIVE;
				CLANG_WARN_UNREACHABLE_CODE = YES;
				CLANG_WARN__DUPLICATE_METHOD_MATCH = YES;
				COPY_PHASE_STRIP = NO;
				DEBUG_INFORMATION_FORMAT = dwarf;
				ENABLE_STRICT_OBJC_MSGSEND = YES;
				ENABLE_TESTABILITY = YES;
				ENABLE_USER_SCRIPT_SANDBOXING = YES;
				GCC_C_LANGUAGE_STANDARD = gnu17;
				GCC_DYNAMIC_NO_PIC = NO;
				GCC_NO_COMMON_BLOCKS = YES;
				GCC_OPTIMIZATION_LEVEL = 0;
				GCC_PREPROCESSOR_DEFINITIONS = (
					"DEBUG=1",
					"$(inherited)",
				);
				GCC_WARN_64_TO_32_BIT_CONVERSION = YES;
				GCC_WARN_ABOUT_RETURN_TYPE = YES_ERROR;
				GCC_WARN_UNDECLARED_SELECTOR = YES;
				GCC_WARN_UNINITIALIZED_AUTOS = YES_AGGRESSIVE;
				GCC_WARN_UNUSED_FUNCTION = YES;
				GCC_WARN_UNUSED_VARIABLE = YES;
				IPHONEOS_DEPLOYMENT_TARGET = 17.2;
				LOCALIZATION_PREFERS_STRING_CATALOGS = YES;
				MTL_ENABLE_DEBUG_INFO = INCLUDE_SOURCE;
				MTL_FAST_MATH = YES;
				ONLY_ACTIVE_ARCH = YES;
				SDKROOT = iphoneos;
				SWIFT_ACTIVE_COMPILATION_CONDITIONS = "DEBUG $(inherited)";
				SWIFT_OPTIMIZATION_LEVEL = "-Onone";
			};
			name = Debug;
		};
		614F88052B69A297003772BB /* Release */ = {
			isa = XCBuildConfiguration;
			buildSettings = {
				ALWAYS_SEARCH_USER_PATHS = NO;
				ASSETCATALOG_COMPILER_GENERATE_SWIFT_ASSET_SYMBOL_EXTENSIONS = YES;
				CLANG_ANALYZER_NONNULL = YES;
				CLANG_ANALYZER_NUMBER_OBJECT_CONVERSION = YES_AGGRESSIVE;
				CLANG_CXX_LANGUAGE_STANDARD = "gnu++20";
				CLANG_ENABLE_MODULES = YES;
				CLANG_ENABLE_OBJC_ARC = YES;
				CLANG_ENABLE_OBJC_WEAK = YES;
				CLANG_WARN_BLOCK_CAPTURE_AUTORELEASING = YES;
				CLANG_WARN_BOOL_CONVERSION = YES;
				CLANG_WARN_COMMA = YES;
				CLANG_WARN_CONSTANT_CONVERSION = YES;
				CLANG_WARN_DEPRECATED_OBJC_IMPLEMENTATIONS = YES;
				CLANG_WARN_DIRECT_OBJC_ISA_USAGE = YES_ERROR;
				CLANG_WARN_DOCUMENTATION_COMMENTS = YES;
				CLANG_WARN_EMPTY_BODY = YES;
				CLANG_WARN_ENUM_CONVERSION = YES;
				CLANG_WARN_INFINITE_RECURSION = YES;
				CLANG_WARN_INT_CONVERSION = YES;
				CLANG_WARN_NON_LITERAL_NULL_CONVERSION = YES;
				CLANG_WARN_OBJC_IMPLICIT_RETAIN_SELF = YES;
				CLANG_WARN_OBJC_LITERAL_CONVERSION = YES;
				CLANG_WARN_OBJC_ROOT_CLASS = YES_ERROR;
				CLANG_WARN_QUOTED_INCLUDE_IN_FRAMEWORK_HEADER = YES;
				CLANG_WARN_RANGE_LOOP_ANALYSIS = YES;
				CLANG_WARN_STRICT_PROTOTYPES = YES;
				CLANG_WARN_SUSPICIOUS_MOVE = YES;
				CLANG_WARN_UNGUARDED_AVAILABILITY = YES_AGGRESSIVE;
				CLANG_WARN_UNREACHABLE_CODE = YES;
				CLANG_WARN__DUPLICATE_METHOD_MATCH = YES;
				COPY_PHASE_STRIP = NO;
				DEBUG_INFORMATION_FORMAT = "dwarf-with-dsym";
				ENABLE_NS_ASSERTIONS = NO;
				ENABLE_STRICT_OBJC_MSGSEND = YES;
				ENABLE_USER_SCRIPT_SANDBOXING = YES;
				GCC_C_LANGUAGE_STANDARD = gnu17;
				GCC_NO_COMMON_BLOCKS = YES;
				GCC_WARN_64_TO_32_BIT_CONVERSION = YES;
				GCC_WARN_ABOUT_RETURN_TYPE = YES_ERROR;
				GCC_WARN_UNDECLARED_SELECTOR = YES;
				GCC_WARN_UNINITIALIZED_AUTOS = YES_AGGRESSIVE;
				GCC_WARN_UNUSED_FUNCTION = YES;
				GCC_WARN_UNUSED_VARIABLE = YES;
				IPHONEOS_DEPLOYMENT_TARGET = 17.2;
				LOCALIZATION_PREFERS_STRING_CATALOGS = YES;
				MTL_ENABLE_DEBUG_INFO = NO;
				MTL_FAST_MATH = YES;
				SDKROOT = iphoneos;
				SWIFT_COMPILATION_MODE = wholemodule;
				VALIDATE_PRODUCT = YES;
			};
			name = Release;
		};
		614F88072B69A297003772BB /* Debug */ = {
			isa = XCBuildConfiguration;
			buildSettings = {
				ASSETCATALOG_COMPILER_APPICON_NAME = AppIcon;
				ASSETCATALOG_COMPILER_GLOBAL_ACCENT_COLOR_NAME = AccentColor;
				CODE_SIGN_STYLE = Automatic;
				CURRENT_PROJECT_VERSION = 1;
				DEVELOPMENT_ASSET_PATHS = "\"cs193pfirst/Preview Content\"";
				DEVELOPMENT_TEAM = DQPDVF6ZSY;
				ENABLE_PREVIEWS = YES;
				GENERATE_INFOPLIST_FILE = YES;
				INFOPLIST_KEY_UIApplicationSceneManifest_Generation = YES;
				INFOPLIST_KEY_UIApplicationSupportsIndirectInputEvents = YES;
				INFOPLIST_KEY_UILaunchScreen_Generation = YES;
				INFOPLIST_KEY_UISupportedInterfaceOrientations_iPad = "UIInterfaceOrientationPortrait UIInterfaceOrientationPortraitUpsideDown UIInterfaceOrientationLandscapeLeft UIInterfaceOrientationLandscapeRight";
				INFOPLIST_KEY_UISupportedInterfaceOrientations_iPhone = "UIInterfaceOrientationPortrait UIInterfaceOrientationLandscapeLeft UIInterfaceOrientationLandscapeRight";
				LD_RUNPATH_SEARCH_PATHS = (
					"$(inherited)",
					"@executable_path/Frameworks",
				);
				MARKETING_VERSION = 1.0;
				PRODUCT_BUNDLE_IDENTIFIER = frankenmarkets.org.cs193pfirst;
				PRODUCT_NAME = "$(TARGET_NAME)";
				SWIFT_EMIT_LOC_STRINGS = YES;
				SWIFT_VERSION = 5.0;
				TARGETED_DEVICE_FAMILY = "1,2";
			};
			name = Debug;
		};
		614F88082B69A297003772BB /* Release */ = {
			isa = XCBuildConfiguration;
			buildSettings = {
				ASSETCATALOG_COMPILER_APPICON_NAME = AppIcon;
				ASSETCATALOG_COMPILER_GLOBAL_ACCENT_COLOR_NAME = AccentColor;
				CODE_SIGN_STYLE = Automatic;
				CURRENT_PROJECT_VERSION = 1;
				DEVELOPMENT_ASSET_PATHS = "\"cs193pfirst/Preview Content\"";
				DEVELOPMENT_TEAM = DQPDVF6ZSY;
				ENABLE_PREVIEWS = YES;
				GENERATE_INFOPLIST_FILE = YES;
				INFOPLIST_KEY_UIApplicationSceneManifest_Generation = YES;
				INFOPLIST_KEY_UIApplicationSupportsIndirectInputEvents = YES;
				INFOPLIST_KEY_UILaunchScreen_Generation = YES;
				INFOPLIST_KEY_UISupportedInterfaceOrientations_iPad = "UIInterfaceOrientationPortrait UIInterfaceOrientationPortraitUpsideDown UIInterfaceOrientationLandscapeLeft UIInterfaceOrientationLandscapeRight";
				INFOPLIST_KEY_UISupportedInterfaceOrientations_iPhone = "UIInterfaceOrientationPortrait UIInterfaceOrientationLandscapeLeft UIInterfaceOrientationLandscapeRight";
				LD_RUNPATH_SEARCH_PATHS = (
					"$(inherited)",
					"@executable_path/Frameworks",
				);
				MARKETING_VERSION = 1.0;
				PRODUCT_BUNDLE_IDENTIFIER = frankenmarkets.org.cs193pfirst;
				PRODUCT_NAME = "$(TARGET_NAME)";
				SWIFT_EMIT_LOC_STRINGS = YES;
				SWIFT_VERSION = 5.0;
				TARGETED_DEVICE_FAMILY = "1,2";
			};
			name = Release;
		};
/* End XCBuildConfiguration section */

/* Begin XCConfigurationList section */
		614F87F32B69A295003772BB /* Build configuration list for PBXProject "cs193pfirst" */ = {
			isa = XCConfigurationList;
			buildConfigurations = (
				614F88042B69A297003772BB /* Debug */,
				614F88052B69A297003772BB /* Release */,
			);
			defaultConfigurationIsVisible = 0;
			defaultConfigurationName = Release;
		};
		614F88062B69A297003772BB /* Build configuration list for PBXNativeTarget "cs193pfirst" */ = {
			isa = XCConfigurationList;
			buildConfigurations = (
				614F88072B69A297003772BB /* Debug */,
				614F88082B69A297003772BB /* Release */,
			);
			defaultConfigurationIsVisible = 0;
			defaultConfigurationName = Release;
		};
/* End XCConfigurationList section */
	};
	rootObject = 614F87F02B69A295003772BB /* Project object */;
}
